
Microsoft Visual Studio Solution File, Format Version 12.00
# Visual Studio Version 16
VisualStudioVersion = 25.0.1706.2
MinimumVisualStudioVersion = 10.0.40219.1
Project("{FAE04EC0-301F-11D3-BF4B-00C04F79EFBC}") = "ex01", "ex01\ex01.csproj", "{EFEE5992-E7A6-4778-A50F-56899086A08D}"
EndProject
Global
	GlobalSection(SolutionConfigurationPlatforms) = preSolution
		Debug|Any CPU = Debug|Any CPU
		Release|Any CPU = Release|Any CPU
	EndGlobalSection
	GlobalSection(ProjectConfigurationPlatforms) = postSolution
		{EFEE5992-E7A6-4778-A50F-56899086A08D}.Debug|Any CPU.ActiveCfg = Debug|Any CPU
		{EFEE5992-E7A6-4778-A50F-56899086A08D}.Debug|Any CPU.Build.0 = Debug|Any CPU
		{EFEE5992-E7A6-4778-A50F-56899086A08D}.Release|Any CPU.ActiveCfg = Release|Any CPU
		{EFEE5992-E7A6-4778-A50F-56899086A08D}.Release|Any CPU.Build.0 = Release|Any CPU
	EndGlobalSection
	GlobalSection(SolutionProperties) = preSolution
		HideSolutionNode = FALSE
	EndGlobalSection
	GlobalSection(ExtensibilityGlobals) = postSolution
		SolutionGuid = {99462078-90A6-4D3D-88E3-1EA77DFF9A47}
	EndGlobalSection
EndGlobal
