
Microsoft Visual Studio Solution File, Format Version 12.00
# Visual Studio Version 16
VisualStudioVersion = 25.0.1706.2
MinimumVisualStudioVersion = 10.0.40219.1
Project("{FAE04EC0-301F-11D3-BF4B-00C04F79EFBC}") = "ex05", "ex05\ex05.csproj", "{009FDFD3-C84D-4EAC-81F8-7F0C3B06D04F}"
EndProject
Global
	GlobalSection(SolutionConfigurationPlatforms) = preSolution
		Debug|Any CPU = Debug|Any CPU
		Release|Any CPU = Release|Any CPU
	EndGlobalSection
	GlobalSection(ProjectConfigurationPlatforms) = postSolution
		{009FDFD3-C84D-4EAC-81F8-7F0C3B06D04F}.Debug|Any CPU.ActiveCfg = Debug|Any CPU
		{009FDFD3-C84D-4EAC-81F8-7F0C3B06D04F}.Debug|Any CPU.Build.0 = Debug|Any CPU
		{009FDFD3-C84D-4EAC-81F8-7F0C3B06D04F}.Release|Any CPU.ActiveCfg = Release|Any CPU
		{009FDFD3-C84D-4EAC-81F8-7F0C3B06D04F}.Release|Any CPU.Build.0 = Release|Any CPU
	EndGlobalSection
	GlobalSection(SolutionProperties) = preSolution
		HideSolutionNode = FALSE
	EndGlobalSection
	GlobalSection(ExtensibilityGlobals) = postSolution
		SolutionGuid = {E4A55BAB-575E-455B-A3B7-045F5DEFF0CD}
	EndGlobalSection
EndGlobal
